
Microsoft Visual Studio Solution File, Format Version 12.00
# Visual Studio Version 17
VisualStudioVersion = 17.10.34928.147
MinimumVisualStudioVersion = 10.0.40219.1
Project("{FAE04EC0-301F-11D3-BF4B-00C04F79EFBC}") = "web-food", "web-food\web-food.csproj", "{689C09BD-6292-45E1-A72E-7CE035BD37B0}"
EndProject
Global
	GlobalSection(SolutionConfigurationPlatforms) = preSolution
		Debug|Any CPU = Debug|Any CPU
		Release|Any CPU = Release|Any CPU
	EndGlobalSection
	GlobalSection(ProjectConfigurationPlatforms) = postSolution
		{689C09BD-6292-45E1-A72E-7CE035BD37B0}.Debug|Any CPU.ActiveCfg = Debug|Any CPU
		{689C09BD-6292-45E1-A72E-7CE035BD37B0}.Debug|Any CPU.Build.0 = Debug|Any CPU
		{689C09BD-6292-45E1-A72E-7CE035BD37B0}.Release|Any CPU.ActiveCfg = Release|Any CPU
		{689C09BD-6292-45E1-A72E-7CE035BD37B0}.Release|Any CPU.Build.0 = Release|Any CPU
	EndGlobalSection
	GlobalSection(SolutionProperties) = preSolution
		HideSolutionNode = FALSE
	EndGlobalSection
	GlobalSection(ExtensibilityGlobals) = postSolution
		SolutionGuid = {7DAF7768-DD90-4DDA-AFF2-110E9A3A2886}
	EndGlobalSection
EndGlobal
